
Microsoft Visual Studio Solution File, Format Version 12.00
# Visual Studio 15
VisualStudioVersion = 15.0.27004.2002
MinimumVisualStudioVersion = 10.0.40219.1
Project("{FAE04EC0-301F-11D3-BF4B-00C04F79EFBC}") = "BuffHelper", "BuffHelper\BuffHelper.csproj", "{C7756E6F-F45A-469C-A188-A174FAFCC4DD}"
EndProject
Project("{FAE04EC0-301F-11D3-BF4B-00C04F79EFBC}") = "PathfinderUtility", "PathfinderUtility\PathfinderUtility.csproj", "{2B44C3B7-1CD0-4BBA-8477-E69AA4FD40A5}"
EndProject
Project("{FAE04EC0-301F-11D3-BF4B-00C04F79EFBC}") = "UnitTests", "UnitTests\UnitTests.csproj", "{F823CCB5-A300-451E-BC2C-DE1D418FDDBD}"
EndProject
Global
	GlobalSection(SolutionConfigurationPlatforms) = preSolution
		Debug|Any CPU = Debug|Any CPU
		Debug|ARM = Debug|ARM
		Debug|x64 = Debug|x64
		Debug|x86 = Debug|x86
		Release|Any CPU = Release|Any CPU
		Release|ARM = Release|ARM
		Release|x64 = Release|x64
		Release|x86 = Release|x86
	EndGlobalSection
	GlobalSection(ProjectConfigurationPlatforms) = postSolution
		{C7756E6F-F45A-469C-A188-A174FAFCC4DD}.Debug|Any CPU.ActiveCfg = Debug|x86
		{C7756E6F-F45A-469C-A188-A174FAFCC4DD}.Debug|Any CPU.Build.0 = Debug|x86
		{C7756E6F-F45A-469C-A188-A174FAFCC4DD}.Debug|Any CPU.Deploy.0 = Debug|x86
		{C7756E6F-F45A-469C-A188-A174FAFCC4DD}.Debug|ARM.ActiveCfg = Debug|ARM
		{C7756E6F-F45A-469C-A188-A174FAFCC4DD}.Debug|ARM.Build.0 = Debug|ARM
		{C7756E6F-F45A-469C-A188-A174FAFCC4DD}.Debug|ARM.Deploy.0 = Debug|ARM
		{C7756E6F-F45A-469C-A188-A174FAFCC4DD}.Debug|x64.ActiveCfg = Debug|x64
		{C7756E6F-F45A-469C-A188-A174FAFCC4DD}.Debug|x64.Build.0 = Debug|x64
		{C7756E6F-F45A-469C-A188-A174FAFCC4DD}.Debug|x64.Deploy.0 = Debug|x64
		{C7756E6F-F45A-469C-A188-A174FAFCC4DD}.Debug|x86.ActiveCfg = Debug|x86
		{C7756E6F-F45A-469C-A188-A174FAFCC4DD}.Debug|x86.Build.0 = Debug|x86
		{C7756E6F-F45A-469C-A188-A174FAFCC4DD}.Debug|x86.Deploy.0 = Debug|x86
		{C7756E6F-F45A-469C-A188-A174FAFCC4DD}.Release|Any CPU.ActiveCfg = Release|x86
		{C7756E6F-F45A-469C-A188-A174FAFCC4DD}.Release|ARM.ActiveCfg = Release|ARM
		{C7756E6F-F45A-469C-A188-A174FAFCC4DD}.Release|ARM.Build.0 = Release|ARM
		{C7756E6F-F45A-469C-A188-A174FAFCC4DD}.Release|ARM.Deploy.0 = Release|ARM
		{C7756E6F-F45A-469C-A188-A174FAFCC4DD}.Release|x64.ActiveCfg = Release|x64
		{C7756E6F-F45A-469C-A188-A174FAFCC4DD}.Release|x64.Build.0 = Release|x64
		{C7756E6F-F45A-469C-A188-A174FAFCC4DD}.Release|x64.Deploy.0 = Release|x64
		{C7756E6F-F45A-469C-A188-A174FAFCC4DD}.Release|x86.ActiveCfg = Release|x86
		{C7756E6F-F45A-469C-A188-A174FAFCC4DD}.Release|x86.Build.0 = Release|x86
		{C7756E6F-F45A-469C-A188-A174FAFCC4DD}.Release|x86.Deploy.0 = Release|x86
		{2B44C3B7-1CD0-4BBA-8477-E69AA4FD40A5}.Debug|Any CPU.ActiveCfg = Debug|Any CPU
		{2B44C3B7-1CD0-4BBA-8477-E69AA4FD40A5}.Debug|Any CPU.Build.0 = Debug|Any CPU
		{2B44C3B7-1CD0-4BBA-8477-E69AA4FD40A5}.Debug|ARM.ActiveCfg = Debug|Any CPU
		{2B44C3B7-1CD0-4BBA-8477-E69AA4FD40A5}.Debug|ARM.Build.0 = Debug|Any CPU
		{2B44C3B7-1CD0-4BBA-8477-E69AA4FD40A5}.Debug|x64.ActiveCfg = Debug|Any CPU
		{2B44C3B7-1CD0-4BBA-8477-E69AA4FD40A5}.Debug|x64.Build.0 = Debug|Any CPU
		{2B44C3B7-1CD0-4BBA-8477-E69AA4FD40A5}.Debug|x86.ActiveCfg = Debug|Any CPU
		{2B44C3B7-1CD0-4BBA-8477-E69AA4FD40A5}.Debug|x86.Build.0 = Debug|Any CPU
		{2B44C3B7-1CD0-4BBA-8477-E69AA4FD40A5}.Release|Any CPU.ActiveCfg = Release|Any CPU
		{2B44C3B7-1CD0-4BBA-8477-E69AA4FD40A5}.Release|Any CPU.Build.0 = Release|Any CPU
		{2B44C3B7-1CD0-4BBA-8477-E69AA4FD40A5}.Release|ARM.ActiveCfg = Release|Any CPU
		{2B44C3B7-1CD0-4BBA-8477-E69AA4FD40A5}.Release|ARM.Build.0 = Release|Any CPU
		{2B44C3B7-1CD0-4BBA-8477-E69AA4FD40A5}.Release|x64.ActiveCfg = Release|Any CPU
		{2B44C3B7-1CD0-4BBA-8477-E69AA4FD40A5}.Release|x64.Build.0 = Release|Any CPU
		{2B44C3B7-1CD0-4BBA-8477-E69AA4FD40A5}.Release|x86.ActiveCfg = Release|Any CPU
		{2B44C3B7-1CD0-4BBA-8477-E69AA4FD40A5}.Release|x86.Build.0 = Release|Any CPU
		{F823CCB5-A300-451E-BC2C-DE1D418FDDBD}.Debug|Any CPU.ActiveCfg = Debug|x86
		{F823CCB5-A300-451E-BC2C-DE1D418FDDBD}.Debug|Any CPU.Build.0 = Debug|x86
		{F823CCB5-A300-451E-BC2C-DE1D418FDDBD}.Debug|ARM.ActiveCfg = Debug|ARM
		{F823CCB5-A300-451E-BC2C-DE1D418FDDBD}.Debug|ARM.Build.0 = Debug|ARM
		{F823CCB5-A300-451E-BC2C-DE1D418FDDBD}.Debug|ARM.Deploy.0 = Debug|ARM
		{F823CCB5-A300-451E-BC2C-DE1D418FDDBD}.Debug|x64.ActiveCfg = Debug|x64
		{F823CCB5-A300-451E-BC2C-DE1D418FDDBD}.Debug|x64.Build.0 = Debug|x64
		{F823CCB5-A300-451E-BC2C-DE1D418FDDBD}.Debug|x64.Deploy.0 = Debug|x64
		{F823CCB5-A300-451E-BC2C-DE1D418FDDBD}.Debug|x86.ActiveCfg = Debug|x86
		{F823CCB5-A300-451E-BC2C-DE1D418FDDBD}.Debug|x86.Build.0 = Debug|x86
		{F823CCB5-A300-451E-BC2C-DE1D418FDDBD}.Debug|x86.Deploy.0 = Debug|x86
		{F823CCB5-A300-451E-BC2C-DE1D418FDDBD}.Release|Any CPU.ActiveCfg = Release|x86
		{F823CCB5-A300-451E-BC2C-DE1D418FDDBD}.Release|ARM.ActiveCfg = Release|ARM
		{F823CCB5-A300-451E-BC2C-DE1D418FDDBD}.Release|ARM.Build.0 = Release|ARM
		{F823CCB5-A300-451E-BC2C-DE1D418FDDBD}.Release|ARM.Deploy.0 = Release|ARM
		{F823CCB5-A300-451E-BC2C-DE1D418FDDBD}.Release|x64.ActiveCfg = Release|x64
		{F823CCB5-A300-451E-BC2C-DE1D418FDDBD}.Release|x64.Build.0 = Release|x64
		{F823CCB5-A300-451E-BC2C-DE1D418FDDBD}.Release|x64.Deploy.0 = Release|x64
		{F823CCB5-A300-451E-BC2C-DE1D418FDDBD}.Release|x86.ActiveCfg = Release|x86
		{F823CCB5-A300-451E-BC2C-DE1D418FDDBD}.Release|x86.Build.0 = Release|x86
		{F823CCB5-A300-451E-BC2C-DE1D418FDDBD}.Release|x86.Deploy.0 = Release|x86
	EndGlobalSection
	GlobalSection(SolutionProperties) = preSolution
		HideSolutionNode = FALSE
	EndGlobalSection
	GlobalSection(ExtensibilityGlobals) = postSolution
		SolutionGuid = {B3F61E02-CB23-4DAA-939A-FD6E293FB14C}
	EndGlobalSection
EndGlobal
